
Microsoft Visual Studio Solution File, Format Version 12.00
# Visual Studio Version 17
VisualStudioVersion = 17.14.36408.4 d17.14
MinimumVisualStudioVersion = 10.0.40219.1
Project("{FAE04EC0-301F-11D3-BF4B-00C04F79EFBC}") = "23f_formulafa", "23f_formulafa\23f_formulafa.csproj", "{296ED940-7ADD-474E-8BD3-4A7810631C48}"
EndProject
Global
	GlobalSection(SolutionConfigurationPlatforms) = preSolution
		Debug|Any CPU = Debug|Any CPU
		Release|Any CPU = Release|Any CPU
	EndGlobalSection
	GlobalSection(ProjectConfigurationPlatforms) = postSolution
		{296ED940-7ADD-474E-8BD3-4A7810631C48}.Debug|Any CPU.ActiveCfg = Debug|Any CPU
		{296ED940-7ADD-474E-8BD3-4A7810631C48}.Debug|Any CPU.Build.0 = Debug|Any CPU
		{296ED940-7ADD-474E-8BD3-4A7810631C48}.Release|Any CPU.ActiveCfg = Release|Any CPU
		{296ED940-7ADD-474E-8BD3-4A7810631C48}.Release|Any CPU.Build.0 = Release|Any CPU
	EndGlobalSection
	GlobalSection(SolutionProperties) = preSolution
		HideSolutionNode = FALSE
	EndGlobalSection
	GlobalSection(ExtensibilityGlobals) = postSolution
		SolutionGuid = {95FA20D3-74AE-4B63-9AF5-63467F0ED55E}
	EndGlobalSection
EndGlobal
